
Microsoft Visual Studio Solution File, Format Version 12.00
# Visual Studio 15
VisualStudioVersion = 15.0.26730.12
MinimumVisualStudioVersion = 10.0.40219.1
Project("{FAE04EC0-301F-11D3-BF4B-00C04F79EFBC}") = "DxMap", "DxMap\DxMap.csproj", "{BB953FC1-7B8F-47CF-BB01-4487CAD7B929}"
EndProject
Global
	GlobalSection(SolutionConfigurationPlatforms) = preSolution
		Debug|Any CPU = Debug|Any CPU
		Release|Any CPU = Release|Any CPU
	EndGlobalSection
	GlobalSection(ProjectConfigurationPlatforms) = postSolution
		{BB953FC1-7B8F-47CF-BB01-4487CAD7B929}.Debug|Any CPU.ActiveCfg = Debug|Any CPU
		{BB953FC1-7B8F-47CF-BB01-4487CAD7B929}.Debug|Any CPU.Build.0 = Debug|Any CPU
		{BB953FC1-7B8F-47CF-BB01-4487CAD7B929}.Release|Any CPU.ActiveCfg = Release|Any CPU
		{BB953FC1-7B8F-47CF-BB01-4487CAD7B929}.Release|Any CPU.Build.0 = Release|Any CPU
	EndGlobalSection
	GlobalSection(SolutionProperties) = preSolution
		HideSolutionNode = FALSE
	EndGlobalSection
	GlobalSection(ExtensibilityGlobals) = postSolution
		SolutionGuid = {45FC4DE9-1E11-478E-9A14-DA6BC9A35858}
	EndGlobalSection
EndGlobal
